// !$*UTF8*$!
{
	archiveVersion = 1;
	classes = {
	};
	objectVersion = 50;
	objects = {

/* Begin PBXBuildFile section */
		A21676C2255ED47500D8A8CC /* AppDelegate.m in Sources */ = {isa = PBXBuildFile; fileRef = A21676C1255ED47500D8A8CC /* AppDelegate.m */; };
		A21676C5255ED47500D8A8CC /* SceneDelegate.m in Sources */ = {isa = PBXBuildFile; fileRef = A21676C4255ED47500D8A8CC /* SceneDelegate.m */; };
		A21676C8255ED47500D8A8CC /* ViewController.m in Sources */ = {isa = PBXBuildFile; fileRef = A21676C7255ED47500D8A8CC /* ViewController.m */; };
		A21676CB255ED47500D8A8CC /* Main.storyboard in Resources */ = {isa = PBXBuildFile; fileRef = A21676C9255ED47500D8A8CC /* Main.storyboard */; };
		A21676CD255ED47500D8A8CC /* Assets.xcassets in Resources */ = {isa = PBXBuildFile; fileRef = A21676CC255ED47500D8A8CC /* Assets.xcassets */; };
		A21676D0255ED47500D8A8CC /* LaunchScreen.storyboard in Resources */ = {isa = PBXBuildFile; fileRef = A21676CE255ED47500D8A8CC /* LaunchScreen.storyboard */; };
		A21676D3255ED47500D8A8CC /* main.m in Sources */ = {isa = PBXBuildFile; fileRef = A21676D2255ED47500D8A8CC /* main.m */; };
		A21676DD255ED47600D8A8CC /* SonarcloudLearnTests.m in Sources */ = {isa = PBXBuildFile; fileRef = A21676DC255ED47600D8A8CC /* SonarcloudLearnTests.m */; };
		A21676E8255ED47600D8A8CC /* SonarcloudLearnUITests.m in Sources */ = {isa = PBXBuildFile; fileRef = A21676E7255ED47600D8A8CC /* SonarcloudLearnUITests.m */; };
		A21676FD255ED51C00D8A8CC /* MathsOperations.m in Sources */ = {isa = PBXBuildFile; fileRef = A21676FC255ED51C00D8A8CC /* MathsOperations.m */; };
/* End PBXBuildFile section */

/* Begin PBXContainerItemProxy section */
		A21676D9255ED47600D8A8CC /* PBXContainerItemProxy */ = {
			isa = PBXContainerItemProxy;
			containerPortal = A21676B5255ED47500D8A8CC /* Project object */;
			proxyType = 1;
			remoteGlobalIDString = A21676BC255ED47500D8A8CC;
			remoteInfo = SonarcloudLearn;
		};
		A21676E4255ED47600D8A8CC /* PBXContainerItemProxy */ = {
			isa = PBXContainerItemProxy;
			containerPortal = A21676B5255ED47500D8A8CC /* Project object */;
			proxyType = 1;
			remoteGlobalIDString = A21676BC255ED47500D8A8CC;
			remoteInfo = SonarcloudLearn;
		};
/* End PBXContainerItemProxy section */

/* Begin PBXFileReference section */
		A21676BD255ED47500D8A8CC /* SonarcloudLearn.app */ = {isa = PBXFileReference; explicitFileType = wrapper.application; includeInIndex = 0; path = SonarcloudLearn.app; sourceTree = BUILT_PRODUCTS_DIR; };
		A21676C0255ED47500D8A8CC /* AppDelegate.h */ = {isa = PBXFileReference; lastKnownFileType = sourcecode.c.h; path = AppDelegate.h; sourceTree = "<group>"; };
		A21676C1255ED47500D8A8CC /* AppDelegate.m */ = {isa = PBXFileReference; lastKnownFileType = sourcecode.c.objc; path = AppDelegate.m; sourceTree = "<group>"; };
		A21676C3255ED47500D8A8CC /* SceneDelegate.h */ = {isa = PBXFileReference; lastKnownFileType = sourcecode.c.h; path = SceneDelegate.h; sourceTree = "<group>"; };
		A21676C4255ED47500D8A8CC /* SceneDelegate.m */ = {isa = PBXFileReference; lastKnownFileType = sourcecode.c.objc; path = SceneDelegate.m; sourceTree = "<group>"; };
		A21676C6255ED47500D8A8CC /* ViewController.h */ = {isa = PBXFileReference; lastKnownFileType = sourcecode.c.h; path = ViewController.h; sourceTree = "<group>"; };
		A21676C7255ED47500D8A8CC /* ViewController.m */ = {isa = PBXFileReference; lastKnownFileType = sourcecode.c.objc; path = ViewController.m; sourceTree = "<group>"; };
		A21676CA255ED47500D8A8CC /* Base */ = {isa = PBXFileReference; lastKnownFileType = file.storyboard; name = Base; path = Base.lproj/Main.storyboard; sourceTree = "<group>"; };
		A21676CC255ED47500D8A8CC /* Assets.xcassets */ = {isa = PBXFileReference; lastKnownFileType = folder.assetcatalog; path = Assets.xcassets; sourceTree = "<group>"; };
		A21676CF255ED47500D8A8CC /* Base */ = {isa = PBXFileReference; lastKnownFileType = file.storyboard; name = Base; path = Base.lproj/LaunchScreen.storyboard; sourceTree = "<group>"; };
		A21676D1255ED47500D8A8CC /* Info.plist */ = {isa = PBXFileReference; lastKnownFileType = text.plist.xml; path = Info.plist; sourceTree = "<group>"; };
		A21676D2255ED47500D8A8CC /* main.m */ = {isa = PBXFileReference; lastKnownFileType = sourcecode.c.objc; path = main.m; sourceTree = "<group>"; };
		A21676D8255ED47600D8A8CC /* SonarcloudLearnTests.xctest */ = {isa = PBXFileReference; explicitFileType = wrapper.cfbundle; includeInIndex = 0; path = SonarcloudLearnTests.xctest; sourceTree = BUILT_PRODUCTS_DIR; };
		A21676DC255ED47600D8A8CC /* SonarcloudLearnTests.m */ = {isa = PBXFileReference; lastKnownFileType = sourcecode.c.objc; path = SonarcloudLearnTests.m; sourceTree = "<group>"; };
		A21676DE255ED47600D8A8CC /* Info.plist */ = {isa = PBXFileReference; lastKnownFileType = text.plist.xml; path = Info.plist; sourceTree = "<group>"; };
		A21676E3255ED47600D8A8CC /* SonarcloudLearnUITests.xctest */ = {isa = PBXFileReference; explicitFileType = wrapper.cfbundle; includeInIndex = 0; path = SonarcloudLearnUITests.xctest; sourceTree = BUILT_PRODUCTS_DIR; };
		A21676E7255ED47600D8A8CC /* SonarcloudLearnUITests.m */ = {isa = PBXFileReference; lastKnownFileType = sourcecode.c.objc; path = SonarcloudLearnUITests.m; sourceTree = "<group>"; };
		A21676E9255ED47600D8A8CC /* Info.plist */ = {isa = PBXFileReference; lastKnownFileType = text.plist.xml; path = Info.plist; sourceTree = "<group>"; };
		A21676FB255ED51C00D8A8CC /* MathsOperations.h */ = {isa = PBXFileReference; lastKnownFileType = sourcecode.c.h; path = MathsOperations.h; sourceTree = "<group>"; };
		A21676FC255ED51C00D8A8CC /* MathsOperations.m */ = {isa = PBXFileReference; lastKnownFileType = sourcecode.c.objc; path = MathsOperations.m; sourceTree = "<group>"; };
/* End PBXFileReference section */

/* Begin PBXFrameworksBuildPhase section */
		A21676BA255ED47500D8A8CC /* Frameworks */ = {
			isa = PBXFrameworksBuildPhase;
			buildActionMask = 2147483647;
			files = (
			);
			runOnlyForDeploymentPostprocessing = 0;
		};
		A21676D5255ED47600D8A8CC /* Frameworks */ = {
			isa = PBXFrameworksBuildPhase;
			buildActionMask = 2147483647;
			files = (
			);
			runOnlyForDeploymentPostprocessing = 0;
		};
		A21676E0255ED47600D8A8CC /* Frameworks */ = {
			isa = PBXFrameworksBuildPhase;
			buildActionMask = 2147483647;
			files = (
			);
			runOnlyForDeploymentPostprocessing = 0;
		};
/* End PBXFrameworksBuildPhase section */

/* Begin PBXGroup section */
		A21676B4255ED47400D8A8CC = {
			isa = PBXGroup;
			children = (
				A21676BF255ED47500D8A8CC /* SonarcloudLearn */,
				A21676DB255ED47600D8A8CC /* SonarcloudLearnTests */,
				A21676E6255ED47600D8A8CC /* SonarcloudLearnUITests */,
				A21676BE255ED47500D8A8CC /* Products */,
			);
			sourceTree = "<group>";
		};
		A21676BE255ED47500D8A8CC /* Products */ = {
			isa = PBXGroup;
			children = (
				A21676BD255ED47500D8A8CC /* SonarcloudLearn.app */,
				A21676D8255ED47600D8A8CC /* SonarcloudLearnTests.xctest */,
				A21676E3255ED47600D8A8CC /* SonarcloudLearnUITests.xctest */,
			);
			name = Products;
			sourceTree = "<group>";
		};
		A21676BF255ED47500D8A8CC /* SonarcloudLearn */ = {
			isa = PBXGroup;
			children = (
				A21676C0255ED47500D8A8CC /* AppDelegate.h */,
				A21676C1255ED47500D8A8CC /* AppDelegate.m */,
				A21676C3255ED47500D8A8CC /* SceneDelegate.h */,
				A21676C4255ED47500D8A8CC /* SceneDelegate.m */,
				A21676C6255ED47500D8A8CC /* ViewController.h */,
				A21676C7255ED47500D8A8CC /* ViewController.m */,
				A21676C9255ED47500D8A8CC /* Main.storyboard */,
				A21676CC255ED47500D8A8CC /* Assets.xcassets */,
				A21676CE255ED47500D8A8CC /* LaunchScreen.storyboard */,
				A21676D1255ED47500D8A8CC /* Info.plist */,
				A21676D2255ED47500D8A8CC /* main.m */,
				A21676FB255ED51C00D8A8CC /* MathsOperations.h */,
				A21676FC255ED51C00D8A8CC /* MathsOperations.m */,
			);
			path = SonarcloudLearn;
			sourceTree = "<group>";
		};
		A21676DB255ED47600D8A8CC /* SonarcloudLearnTests */ = {
			isa = PBXGroup;
			children = (
				A21676DC255ED47600D8A8CC /* SonarcloudLearnTests.m */,
				A21676DE255ED47600D8A8CC /* Info.plist */,
			);
			path = SonarcloudLearnTests;
			sourceTree = "<group>";
		};
		A21676E6255ED47600D8A8CC /* SonarcloudLearnUITests */ = {
			isa = PBXGroup;
			children = (
				A21676E7255ED47600D8A8CC /* SonarcloudLearnUITests.m */,
				A21676E9255ED47600D8A8CC /* Info.plist */,
			);
			path = SonarcloudLearnUITests;
			sourceTree = "<group>";
		};
/* End PBXGroup section */

/* Begin PBXNativeTarget section */
		A21676BC255ED47500D8A8CC /* SonarcloudLearn */ = {
			isa = PBXNativeTarget;
			buildConfigurationList = A21676EC255ED47600D8A8CC /* Build configuration list for PBXNativeTarget "SonarcloudLearn" */;
			buildPhases = (
				A21676B9255ED47500D8A8CC /* Sources */,
				A21676BA255ED47500D8A8CC /* Frameworks */,
				A21676BB255ED47500D8A8CC /* Resources */,
			);
			buildRules = (
			);
			dependencies = (
			);
			name = SonarcloudLearn;
			productName = SonarcloudLearn;
			productReference = A21676BD255ED47500D8A8CC /* SonarcloudLearn.app */;
			productType = "com.apple.product-type.application";
		};
		A21676D7255ED47600D8A8CC /* SonarcloudLearnTests */ = {
			isa = PBXNativeTarget;
			buildConfigurationList = A21676EF255ED47600D8A8CC /* Build configuration list for PBXNativeTarget "SonarcloudLearnTests" */;
			buildPhases = (
				A21676D4255ED47600D8A8CC /* Sources */,
				A21676D5255ED47600D8A8CC /* Frameworks */,
				A21676D6255ED47600D8A8CC /* Resources */,
			);
			buildRules = (
			);
			dependencies = (
				A21676DA255ED47600D8A8CC /* PBXTargetDependency */,
			);
			name = SonarcloudLearnTests;
			productName = SonarcloudLearnTests;
			productReference = A21676D8255ED47600D8A8CC /* SonarcloudLearnTests.xctest */;
			productType = "com.apple.product-type.bundle.unit-test";
		};
		A21676E2255ED47600D8A8CC /* SonarcloudLearnUITests */ = {
			isa = PBXNativeTarget;
			buildConfigurationList = A21676F2255ED47600D8A8CC /* Build configuration list for PBXNativeTarget "SonarcloudLearnUITests" */;
			buildPhases = (
				A21676DF255ED47600D8A8CC /* Sources */,
				A21676E0255ED47600D8A8CC /* Frameworks */,
				A21676E1255ED47600D8A8CC /* Resources */,
			);
			buildRules = (
			);
			dependencies = (
				A21676E5255ED47600D8A8CC /* PBXTargetDependency */,
			);
			name = SonarcloudLearnUITests;
			productName = SonarcloudLearnUITests;
			productReference = A21676E3255ED47600D8A8CC /* SonarcloudLearnUITests.xctest */;
			productType = "com.apple.product-type.bundle.ui-testing";
		};
/* End PBXNativeTarget section */

/* Begin PBXProject section */
		A21676B5255ED47500D8A8CC /* Project object */ = {
			isa = PBXProject;
			attributes = {
				LastUpgradeCheck = 1210;
				TargetAttributes = {
					A21676BC255ED47500D8A8CC = {
						CreatedOnToolsVersion = 12.1;
					};
					A21676D7255ED47600D8A8CC = {
						CreatedOnToolsVersion = 12.1;
						TestTargetID = A21676BC255ED47500D8A8CC;
					};
					A21676E2255ED47600D8A8CC = {
						CreatedOnToolsVersion = 12.1;
						TestTargetID = A21676BC255ED47500D8A8CC;
					};
				};
			};
			buildConfigurationList = A21676B8255ED47500D8A8CC /* Build configuration list for PBXProject "SonarcloudLearn" */;
			compatibilityVersion = "Xcode 9.3";
			developmentRegion = en;
			hasScannedForEncodings = 0;
			knownRegions = (
				en,
				Base,
			);
			mainGroup = A21676B4255ED47400D8A8CC;
			productRefGroup = A21676BE255ED47500D8A8CC /* Products */;
			projectDirPath = "";
			projectRoot = "";
			targets = (
				A21676BC255ED47500D8A8CC /* SonarcloudLearn */,
				A21676D7255ED47600D8A8CC /* SonarcloudLearnTests */,
				A21676E2255ED47600D8A8CC /* SonarcloudLearnUITests */,
			);
		};
/* End PBXProject section */

/* Begin PBXResourcesBuildPhase section */
		A21676BB255ED47500D8A8CC /* Resources */ = {
			isa = PBXResourcesBuildPhase;
			buildActionMask = 2147483647;
			files = (
				A21676D0255ED47500D8A8CC /* LaunchScreen.storyboard in Resources */,
				A21676CD255ED47500D8A8CC /* Assets.xcassets in Resources */,
				A21676CB255ED47500D8A8CC /* Main.storyboard in Resources */,
			);
			runOnlyForDeploymentPostprocessing = 0;
		};
		A21676D6255ED47600D8A8CC /* Resources */ = {
			isa = PBXResourcesBuildPhase;
			buildActionMask = 2147483647;
			files = (
			);
			runOnlyForDeploymentPostprocessing = 0;
		};
		A21676E1255ED47600D8A8CC /* Resources */ = {
			isa = PBXResourcesBuildPhase;
			buildActionMask = 2147483647;
			files = (
			);
			runOnlyForDeploymentPostprocessing = 0;
		};
/* End PBXResourcesBuildPhase section */

/* Begin PBXSourcesBuildPhase section */
		A21676B9255ED47500D8A8CC /* Sources */ = {
			isa = PBXSourcesBuildPhase;
			buildActionMask = 2147483647;
			files = (
				A21676C8255ED47500D8A8CC /* ViewController.m in Sources */,
				A21676C2255ED47500D8A8CC /* AppDelegate.m in Sources */,
				A21676FD255ED51C00D8A8CC /* MathsOperations.m in Sources */,
				A21676D3255ED47500D8A8CC /* main.m in Sources */,
				A21676C5255ED47500D8A8CC /* SceneDelegate.m in Sources */,
			);
			runOnlyForDeploymentPostprocessing = 0;
		};
		A21676D4255ED47600D8A8CC /* Sources */ = {
			isa = PBXSourcesBuildPhase;
			buildActionMask = 2147483647;
			files = (
				A21676DD255ED47600D8A8CC /* SonarcloudLearnTests.m in Sources */,
			);
			runOnlyForDeploymentPostprocessing = 0;
		};
		A21676DF255ED47600D8A8CC /* Sources */ = {
			isa = PBXSourcesBuildPhase;
			buildActionMask = 2147483647;
			files = (
				A21676E8255ED47600D8A8CC /* SonarcloudLearnUITests.m in Sources */,
			);
			runOnlyForDeploymentPostprocessing = 0;
		};
/* End PBXSourcesBuildPhase section */

/* Begin PBXTargetDependency section */
		A21676DA255ED47600D8A8CC /* PBXTargetDependency */ = {
			isa = PBXTargetDependency;
			target = A21676BC255ED47500D8A8CC /* SonarcloudLearn */;
			targetProxy = A21676D9255ED47600D8A8CC /* PBXContainerItemProxy */;
		};
		A21676E5255ED47600D8A8CC /* PBXTargetDependency */ = {
			isa = PBXTargetDependency;
			target = A21676BC255ED47500D8A8CC /* SonarcloudLearn */;
			targetProxy = A21676E4255ED47600D8A8CC /* PBXContainerItemProxy */;
		};
/* End PBXTargetDependency section */

/* Begin PBXVariantGroup section */
		A21676C9255ED47500D8A8CC /* Main.storyboard */ = {
			isa = PBXVariantGroup;
			children = (
				A21676CA255ED47500D8A8CC /* Base */,
			);
			name = Main.storyboard;
			sourceTree = "<group>";
		};
		A21676CE255ED47500D8A8CC /* LaunchScreen.storyboard */ = {
			isa = PBXVariantGroup;
			children = (
				A21676CF255ED47500D8A8CC /* Base */,
			);
			name = LaunchScreen.storyboard;
			sourceTree = "<group>";
		};
/* End PBXVariantGroup section */

/* Begin XCBuildConfiguration section */
		A21676EA255ED47600D8A8CC /* Debug */ = {
			isa = XCBuildConfiguration;
			buildSettings = {
				ALWAYS_SEARCH_USER_PATHS = NO;
				CLANG_ANALYZER_NONNULL = YES;
				CLANG_ANALYZER_NUMBER_OBJECT_CONVERSION = YES_AGGRESSIVE;
				CLANG_CXX_LANGUAGE_STANDARD = "gnu++14";
				CLANG_CXX_LIBRARY = "libc++";
				CLANG_ENABLE_MODULES = YES;
				CLANG_ENABLE_OBJC_ARC = YES;
				CLANG_ENABLE_OBJC_WEAK = YES;
				CLANG_WARN_BLOCK_CAPTURE_AUTORELEASING = YES;
				CLANG_WARN_BOOL_CONVERSION = YES;
				CLANG_WARN_COMMA = YES;
				CLANG_WARN_CONSTANT_CONVERSION = YES;
				CLANG_WARN_DEPRECATED_OBJC_IMPLEMENTATIONS = YES;
				CLANG_WARN_DIRECT_OBJC_ISA_USAGE = YES_ERROR;
				CLANG_WARN_DOCUMENTATION_COMMENTS = YES;
				CLANG_WARN_EMPTY_BODY = YES;
				CLANG_WARN_ENUM_CONVERSION = YES;
				CLANG_WARN_INFINITE_RECURSION = YES;
				CLANG_WARN_INT_CONVERSION = YES;
				CLANG_WARN_NON_LITERAL_NULL_CONVERSION = YES;
				CLANG_WARN_OBJC_IMPLICIT_RETAIN_SELF = YES;
				CLANG_WARN_OBJC_LITERAL_CONVERSION = YES;
				CLANG_WARN_OBJC_ROOT_CLASS = YES_ERROR;
				CLANG_WARN_QUOTED_INCLUDE_IN_FRAMEWORK_HEADER = YES;
				CLANG_WARN_RANGE_LOOP_ANALYSIS = YES;
				CLANG_WARN_STRICT_PROTOTYPES = YES;
				CLANG_WARN_SUSPICIOUS_MOVE = YES;
				CLANG_WARN_UNGUARDED_AVAILABILITY = YES_AGGRESSIVE;
				CLANG_WARN_UNREACHABLE_CODE = YES;
				CLANG_WARN__DUPLICATE_METHOD_MATCH = YES;
				COPY_PHASE_STRIP = NO;
				DEBUG_INFORMATION_FORMAT = dwarf;
				ENABLE_STRICT_OBJC_MSGSEND = YES;
				ENABLE_TESTABILITY = YES;
				GCC_C_LANGUAGE_STANDARD = gnu11;
				GCC_DYNAMIC_NO_PIC = NO;
				GCC_NO_COMMON_BLOCKS = YES;
				GCC_OPTIMIZATION_LEVEL = 0;
				GCC_PREPROCESSOR_DEFINITIONS = (
					"DEBUG=1",
					"$(inherited)",
				);
				GCC_WARN_64_TO_32_BIT_CONVERSION = YES;
				GCC_WARN_ABOUT_RETURN_TYPE = YES_ERROR;
				GCC_WARN_UNDECLARED_SELECTOR = YES;
				GCC_WARN_UNINITIALIZED_AUTOS = YES_AGGRESSIVE;
				GCC_WARN_UNUSED_FUNCTION = YES;
				GCC_WARN_UNUSED_VARIABLE = YES;
				IPHONEOS_DEPLOYMENT_TARGET = 14.1;
				MTL_ENABLE_DEBUG_INFO = INCLUDE_SOURCE;
				MTL_FAST_MATH = YES;
				ONLY_ACTIVE_ARCH = YES;
				SDKROOT = iphoneos;
			};
			name = Debug;
		};
		A21676EB255ED47600D8A8CC /* Release */ = {
			isa = XCBuildConfiguration;
			buildSettings = {
				ALWAYS_SEARCH_USER_PATHS = NO;
				CLANG_ANALYZER_NONNULL = YES;
				CLANG_ANALYZER_NUMBER_OBJECT_CONVERSION = YES_AGGRESSIVE;
				CLANG_CXX_LANGUAGE_STANDARD = "gnu++14";
				CLANG_CXX_LIBRARY = "libc++";
				CLANG_ENABLE_MODULES = YES;
				CLANG_ENABLE_OBJC_ARC = YES;
				CLANG_ENABLE_OBJC_WEAK = YES;
				CLANG_WARN_BLOCK_CAPTURE_AUTORELEASING = YES;
				CLANG_WARN_BOOL_CONVERSION = YES;
				CLANG_WARN_COMMA = YES;
				CLANG_WARN_CONSTANT_CONVERSION = YES;
				CLANG_WARN_DEPRECATED_OBJC_IMPLEMENTATIONS = YES;
				CLANG_WARN_DIRECT_OBJC_ISA_USAGE = YES_ERROR;
				CLANG_WARN_DOCUMENTATION_COMMENTS = YES;
				CLANG_WARN_EMPTY_BODY = YES;
				CLANG_WARN_ENUM_CONVERSION = YES;
				CLANG_WARN_INFINITE_RECURSION = YES;
				CLANG_WARN_INT_CONVERSION = YES;
				CLANG_WARN_NON_LITERAL_NULL_CONVERSION = YES;
				CLANG_WARN_OBJC_IMPLICIT_RETAIN_SELF = YES;
				CLANG_WARN_OBJC_LITERAL_CONVERSION = YES;
				CLANG_WARN_OBJC_ROOT_CLASS = YES_ERROR;
				CLANG_WARN_QUOTED_INCLUDE_IN_FRAMEWORK_HEADER = YES;
				CLANG_WARN_RANGE_LOOP_ANALYSIS = YES;
				CLANG_WARN_STRICT_PROTOTYPES = YES;
				CLANG_WARN_SUSPICIOUS_MOVE = YES;
				CLANG_WARN_UNGUARDED_AVAILABILITY = YES_AGGRESSIVE;
				CLANG_WARN_UNREACHABLE_CODE = YES;
				CLANG_WARN__DUPLICATE_METHOD_MATCH = YES;
				COPY_PHASE_STRIP = NO;
				DEBUG_INFORMATION_FORMAT = "dwarf-with-dsym";
				ENABLE_NS_ASSERTIONS = NO;
				ENABLE_STRICT_OBJC_MSGSEND = YES;
				GCC_C_LANGUAGE_STANDARD = gnu11;
				GCC_NO_COMMON_BLOCKS = YES;
				GCC_WARN_64_TO_32_BIT_CONVERSION = YES;
				GCC_WARN_ABOUT_RETURN_TYPE = YES_ERROR;
				GCC_WARN_UNDECLARED_SELECTOR = YES;
				GCC_WARN_UNINITIALIZED_AUTOS = YES_AGGRESSIVE;
				GCC_WARN_UNUSED_FUNCTION = YES;
				GCC_WARN_UNUSED_VARIABLE = YES;
				IPHONEOS_DEPLOYMENT_TARGET = 14.1;
				MTL_ENABLE_DEBUG_INFO = NO;
				MTL_FAST_MATH = YES;
				SDKROOT = iphoneos;
				VALIDATE_PRODUCT = YES;
			};
			name = Release;
		};
		A21676ED255ED47600D8A8CC /* Debug */ = {
			isa = XCBuildConfiguration;
			buildSettings = {
				ASSETCATALOG_COMPILER_APPICON_NAME = AppIcon;
				ASSETCATALOG_COMPILER_GLOBAL_ACCENT_COLOR_NAME = AccentColor;
				CODE_SIGN_STYLE = Automatic;
				DEVELOPMENT_TEAM = 5XJ2F525G3;
				INFOPLIST_FILE = SonarcloudLearn/Info.plist;
				LD_RUNPATH_SEARCH_PATHS = (
					"$(inherited)",
					"@executable_path/Frameworks",
				);
				PRODUCT_BUNDLE_IDENTIFIER = com.daniilalferov.SonarcloudLearn;
				PRODUCT_NAME = "$(TARGET_NAME)";
				TARGETED_DEVICE_FAMILY = "1,2";
			};
			name = Debug;
		};
		A21676EE255ED47600D8A8CC /* Release */ = {
			isa = XCBuildConfiguration;
			buildSettings = {
				ASSETCATALOG_COMPILER_APPICON_NAME = AppIcon;
				ASSETCATALOG_COMPILER_GLOBAL_ACCENT_COLOR_NAME = AccentColor;
				CODE_SIGN_STYLE = Automatic;
				DEVELOPMENT_TEAM = 5XJ2F525G3;
				INFOPLIST_FILE = SonarcloudLearn/Info.plist;
				LD_RUNPATH_SEARCH_PATHS = (
					"$(inherited)",
					"@executable_path/Frameworks",
				);
				PRODUCT_BUNDLE_IDENTIFIER = com.daniilalferov.SonarcloudLearn;
				PRODUCT_NAME = "$(TARGET_NAME)";
				TARGETED_DEVICE_FAMILY = "1,2";
			};
			name = Release;
		};
		A21676F0255ED47600D8A8CC /* Debug */ = {
			isa = XCBuildConfiguration;
			buildSettings = {
				BUNDLE_LOADER = "$(TEST_HOST)";
				CODE_SIGN_STYLE = Automatic;
				DEVELOPMENT_TEAM = 5XJ2F525G3;
				INFOPLIST_FILE = SonarcloudLearnTests/Info.plist;
				IPHONEOS_DEPLOYMENT_TARGET = 14.1;
				LD_RUNPATH_SEARCH_PATHS = (
					"$(inherited)",
					"@executable_path/Frameworks",
					"@loader_path/Frameworks",
				);
				PRODUCT_BUNDLE_IDENTIFIER = com.daniilalferov.SonarcloudLearnTests;
				PRODUCT_NAME = "$(TARGET_NAME)";
				TARGETED_DEVICE_FAMILY = "1,2";
				TEST_HOST = "$(BUILT_PRODUCTS_DIR)/SonarcloudLearn.app/SonarcloudLearn";
			};
			name = Debug;
		};
		A21676F1255ED47600D8A8CC /* Release */ = {
			isa = XCBuildConfiguration;
			buildSettings = {
				BUNDLE_LOADER = "$(TEST_HOST)";
				CODE_SIGN_STYLE = Automatic;
				DEVELOPMENT_TEAM = 5XJ2F525G3;
				INFOPLIST_FILE = SonarcloudLearnTests/Info.plist;
				IPHONEOS_DEPLOYMENT_TARGET = 14.1;
				LD_RUNPATH_SEARCH_PATHS = (
					"$(inherited)",
					"@executable_path/Frameworks",
					"@loader_path/Frameworks",
				);
				PRODUCT_BUNDLE_IDENTIFIER = com.daniilalferov.SonarcloudLearnTests;
				PRODUCT_NAME = "$(TARGET_NAME)";
				TARGETED_DEVICE_FAMILY = "1,2";
				TEST_HOST = "$(BUILT_PRODUCTS_DIR)/SonarcloudLearn.app/SonarcloudLearn";
			};
			name = Release;
		};
		A21676F3255ED47600D8A8CC /* Debug */ = {
			isa = XCBuildConfiguration;
			buildSettings = {
				CODE_SIGN_STYLE = Automatic;
				DEVELOPMENT_TEAM = 5XJ2F525G3;
				INFOPLIST_FILE = SonarcloudLearnUITests/Info.plist;
				LD_RUNPATH_SEARCH_PATHS = (
					"$(inherited)",
					"@executable_path/Frameworks",
					"@loader_path/Frameworks",
				);
				PRODUCT_BUNDLE_IDENTIFIER = com.daniilalferov.SonarcloudLearnUITests;
				PRODUCT_NAME = "$(TARGET_NAME)";
				TARGETED_DEVICE_FAMILY = "1,2";
				TEST_TARGET_NAME = SonarcloudLearn;
			};
			name = Debug;
		};
		A21676F4255ED47600D8A8CC /* Release */ = {
			isa = XCBuildConfiguration;
			buildSettings = {
				CODE_SIGN_STYLE = Automatic;
				DEVELOPMENT_TEAM = 5XJ2F525G3;
				INFOPLIST_FILE = SonarcloudLearnUITests/Info.plist;
				LD_RUNPATH_SEARCH_PATHS = (
					"$(inherited)",
					"@executable_path/Frameworks",
					"@loader_path/Frameworks",
				);
				PRODUCT_BUNDLE_IDENTIFIER = com.daniilalferov.SonarcloudLearnUITests;
				PRODUCT_NAME = "$(TARGET_NAME)";
				TARGETED_DEVICE_FAMILY = "1,2";
				TEST_TARGET_NAME = SonarcloudLearn;
			};
			name = Release;
		};
/* End XCBuildConfiguration section */

/* Begin XCConfigurationList section */
		A21676B8255ED47500D8A8CC /* Build configuration list for PBXProject "SonarcloudLearn" */ = {
			isa = XCConfigurationList;
			buildConfigurations = (
				A21676EA255ED47600D8A8CC /* Debug */,
				A21676EB255ED47600D8A8CC /* Release */,
			);
			defaultConfigurationIsVisible = 0;
			defaultConfigurationName = Release;
		};
		A21676EC255ED47600D8A8CC /* Build configuration list for PBXNativeTarget "SonarcloudLearn" */ = {
			isa = XCConfigurationList;
			buildConfigurations = (
				A21676ED255ED47600D8A8CC /* Debug */,
				A21676EE255ED47600D8A8CC /* Release */,
			);
			defaultConfigurationIsVisible = 0;
			defaultConfigurationName = Release;
		};
		A21676EF255ED47600D8A8CC /* Build configuration list for PBXNativeTarget "SonarcloudLearnTests" */ = {
			isa = XCConfigurationList;
			buildConfigurations = (
				A21676F0255ED47600D8A8CC /* Debug */,
				A21676F1255ED47600D8A8CC /* Release */,
			);
			defaultConfigurationIsVisible = 0;
			defaultConfigurationName = Release;
		};
		A21676F2255ED47600D8A8CC /* Build configuration list for PBXNativeTarget "SonarcloudLearnUITests" */ = {
			isa = XCConfigurationList;
			buildConfigurations = (
				A21676F3255ED47600D8A8CC /* Debug */,
				A21676F4255ED47600D8A8CC /* Release */,
			);
			defaultConfigurationIsVisible = 0;
			defaultConfigurationName = Release;
		};
/* End XCConfigurationList section */
	};
	rootObject = A21676B5255ED47500D8A8CC /* Project object */;
}
